
Microsoft Visual Studio Solution File, Format Version 12.00
# Visual Studio Version 17
VisualStudioVersion = 17.14.36401.2 d17.14
MinimumVisualStudioVersion = 10.0.40219.1
Project("{FAE04EC0-301F-11D3-BF4B-00C04F79EFBC}") = "IdeaAPI", "IdeaAPI.csproj", "{227D10E9-D8F2-4D66-9E30-4A2DE7FF889E}"
EndProject
Global
	GlobalSection(SolutionConfigurationPlatforms) = preSolution
		Debug|Any CPU = Debug|Any CPU
		Release|Any CPU = Release|Any CPU
	EndGlobalSection
	GlobalSection(ProjectConfigurationPlatforms) = postSolution
		{227D10E9-D8F2-4D66-9E30-4A2DE7FF889E}.Debug|Any CPU.ActiveCfg = Debug|Any CPU
		{227D10E9-D8F2-4D66-9E30-4A2DE7FF889E}.Debug|Any CPU.Build.0 = Debug|Any CPU
		{227D10E9-D8F2-4D66-9E30-4A2DE7FF889E}.Release|Any CPU.ActiveCfg = Release|Any CPU
		{227D10E9-D8F2-4D66-9E30-4A2DE7FF889E}.Release|Any CPU.Build.0 = Release|Any CPU
	EndGlobalSection
	GlobalSection(SolutionProperties) = preSolution
		HideSolutionNode = FALSE
	EndGlobalSection
	GlobalSection(ExtensibilityGlobals) = postSolution
		SolutionGuid = {2730B57A-95BF-4F62-9206-B6A75E84E676}
	EndGlobalSection
EndGlobal
